# This file is generated by running "yarn install" inside your project.
# Manual changes might be lost - proceed with caution!

__metadata:
  version: 8
  cacheKey: 10c0

"@emperorschildren/react-native-map-clustering@workspace:.":
  version: 0.0.0-use.local
  resolution: "@emperorschildren/react-native-map-clustering@workspace:."
  dependencies:
    "@mapbox/geo-viewport": "npm:^0.5.0"
    supercluster: "npm:^8.0.1"
  peerDependencies:
    react-native: "*"
    react-native-maps: "*"
  languageName: unknown
  linkType: soft

"@mapbox/geo-viewport@npm:^0.5.0":
  version: 0.5.0
  resolution: "@mapbox/geo-viewport@npm:0.5.0"
  dependencies:
    "@mapbox/sphericalmercator": "npm:^1.2.0"
  checksum: 10c0/bd79ebc82b8e1a79a35b6e3ec397e24ffb32d04be346628f2f3d3beebe68839005519c1aa46b7f87bd0629d2f61d21417a17fd6507be485a953455a0d9004bfc
  languageName: node
  linkType: hard

"@mapbox/sphericalmercator@npm:^1.2.0":
  version: 1.2.0
  resolution: "@mapbox/sphericalmercator@npm:1.2.0"
  bin:
    bbox: bin/bbox.js
    to4326: bin/to4326.js
    to900913: bin/to900913.js
    xyz: bin/xyz.js
  checksum: 10c0/bb4b43fa1dbd4bd3f44dc476a51dc6c2d776c1b7eedb683afa8b5ff1f37cc3ec4f6b069e9c180c8bbfa9c844358483f5dc574fa87d203c2b4ad01a673461908e
  languageName: node
  linkType: hard

"kdbush@npm:^4.0.2":
  version: 4.0.2
  resolution: "kdbush@npm:4.0.2"
  checksum: 10c0/d50183b299c57e2573114e902ab47aed7494be3ca41b66d456779ecc3b2f153f491de341f9609965414784f728894f9a9001152eb9f3a40cd3755521c06a45a3
  languageName: node
  linkType: hard

"supercluster@npm:^8.0.1":
  version: 8.0.1
  resolution: "supercluster@npm:8.0.1"
  dependencies:
    kdbush: "npm:^4.0.2"
  checksum: 10c0/79121e6dbff67b3036ea6651f3baddb942478830ba3ecbc27455715ab5bd269de8381dc04618c0c15963346ea2ed0f81cd5f767c2978a63e2841807c73445d57
  languageName: node
  linkType: hard
